
Microsoft Visual Studio Solution File, Format Version 12.00
# Visual Studio 14
VisualStudioVersion = 14.0.25420.1
MinimumVisualStudioVersion = 10.0.40219.1
Project("{FAE04EC0-301F-11D3-BF4B-00C04F79EFBC}") = "NicolasGermoneBackend", "NicolasGermoneBackend\NicolasGermoneBackend.csproj", "{9816051A-3546-4954-AE47-A4061BC88C81}"
EndProject
Project("{FAE04EC0-301F-11D3-BF4B-00C04F79EFBC}") = "NicolasGermoneBackend.Tests", "NicolasGermoneBackend.Tests\NicolasGermoneBackend.Tests.csproj", "{77FB8DF7-098A-40C1-9DC4-4EE57DDC48A2}"
EndProject
Global
	GlobalSection(SolutionConfigurationPlatforms) = preSolution
		Debug|Any CPU = Debug|Any CPU
		Release|Any CPU = Release|Any CPU
	EndGlobalSection
	GlobalSection(ProjectConfigurationPlatforms) = postSolution
		{9816051A-3546-4954-AE47-A4061BC88C81}.Debug|Any CPU.ActiveCfg = Debug|Any CPU
		{9816051A-3546-4954-AE47-A4061BC88C81}.Debug|Any CPU.Build.0 = Debug|Any CPU
		{9816051A-3546-4954-AE47-A4061BC88C81}.Release|Any CPU.ActiveCfg = Release|Any CPU
		{9816051A-3546-4954-AE47-A4061BC88C81}.Release|Any CPU.Build.0 = Release|Any CPU
		{77FB8DF7-098A-40C1-9DC4-4EE57DDC48A2}.Debug|Any CPU.ActiveCfg = Debug|Any CPU
		{77FB8DF7-098A-40C1-9DC4-4EE57DDC48A2}.Debug|Any CPU.Build.0 = Debug|Any CPU
		{77FB8DF7-098A-40C1-9DC4-4EE57DDC48A2}.Release|Any CPU.ActiveCfg = Release|Any CPU
		{77FB8DF7-098A-40C1-9DC4-4EE57DDC48A2}.Release|Any CPU.Build.0 = Release|Any CPU
	EndGlobalSection
	GlobalSection(SolutionProperties) = preSolution
		HideSolutionNode = FALSE
	EndGlobalSection
EndGlobal
